Microsoft Visual Studio Solution File, Format Version 12.00
# Visual Studio Version 17
VisualStudioVersion = 17.5.2.0
MinimumVisualStudioVersion = 10.0.40219.1
Project("{FAE04EC0-301F-11D3-BF4B-00C04F79EFBC}") = "FORM NHAP DATA", "FORM NHAP DATA.csproj", "{AFC8C3C3-19E8-727A-FE26-E57AD3BCC77D}"
EndProject
Global
	GlobalSection(SolutionConfigurationPlatforms) = preSolution
		Debug|Any CPU = Debug|Any CPU
		Release|Any CPU = Release|Any CPU
	EndGlobalSection
	GlobalSection(ProjectConfigurationPlatforms) = postSolution
		{AFC8C3C3-19E8-727A-FE26-E57AD3BCC77D}.Debug|Any CPU.ActiveCfg = Debug|Any CPU
		{AFC8C3C3-19E8-727A-FE26-E57AD3BCC77D}.Debug|Any CPU.Build.0 = Debug|Any CPU
		{AFC8C3C3-19E8-727A-FE26-E57AD3BCC77D}.Release|Any CPU.ActiveCfg = Release|Any CPU
		{AFC8C3C3-19E8-727A-FE26-E57AD3BCC77D}.Release|Any CPU.Build.0 = Release|Any CPU
	EndGlobalSection
	GlobalSection(SolutionProperties) = preSolution
		HideSolutionNode = FALSE
	EndGlobalSection
	GlobalSection(ExtensibilityGlobals) = postSolution
		SolutionGuid = {80CEB032-A2B1-4C39-B612-5707C8C58E19}
	EndGlobalSection
EndGlobal
